
Microsoft Visual Studio Solution File, Format Version 12.00
# Visual Studio Version 17
VisualStudioVersion = 17.1.32210.238
MinimumVisualStudioVersion = 10.0.40219.1
Project("{FAE04EC0-301F-11D3-BF4B-00C04F79EFBC}") = "Towers-of-Hanoi", "Towers-of-Hanoi\Towers-of-Hanoi.csproj", "{AC51CAB6-0F68-47FA-80D8-B9F4F459BD66}"
EndProject
Global
	GlobalSection(SolutionConfigurationPlatforms) = preSolution
		Debug|Any CPU = Debug|Any CPU
		Release|Any CPU = Release|Any CPU
	EndGlobalSection
	GlobalSection(ProjectConfigurationPlatforms) = postSolution
		{AC51CAB6-0F68-47FA-80D8-B9F4F459BD66}.Debug|Any CPU.ActiveCfg = Debug|Any CPU
		{AC51CAB6-0F68-47FA-80D8-B9F4F459BD66}.Debug|Any CPU.Build.0 = Debug|Any CPU
		{AC51CAB6-0F68-47FA-80D8-B9F4F459BD66}.Release|Any CPU.ActiveCfg = Release|Any CPU
		{AC51CAB6-0F68-47FA-80D8-B9F4F459BD66}.Release|Any CPU.Build.0 = Release|Any CPU
	EndGlobalSection
	GlobalSection(SolutionProperties) = preSolution
		HideSolutionNode = FALSE
	EndGlobalSection
	GlobalSection(ExtensibilityGlobals) = postSolution
		SolutionGuid = {369DE801-9AD5-4DE9-8D52-329EF6113C31}
	EndGlobalSection
EndGlobal
